// !$*UTF8*$!
{
	archiveVersion = 1;
	classes = {
	};
	objectVersion = 56;
	objects = {

/* Begin PBXBuildFile section */
		A32ABCAC2C924FFE00738F04 /* AppDelegate.swift in Sources */ = {isa = PBXBuildFile; fileRef = A32ABCAB2C924FFE00738F04 /* AppDelegate.swift */; };
		A32ABCAE2C924FFE00738F04 /* SceneDelegate.swift in Sources */ = {isa = PBXBuildFile; fileRef = A32ABCAD2C924FFE00738F04 /* SceneDelegate.swift */; };
		A32ABCB02C924FFE00738F04 /* UserViewController.swift in Sources */ = {isa = PBXBuildFile; fileRef = A32ABCAF2C924FFE00738F04 /* UserViewController.swift */; };
		A32ABCB52C924FFF00738F04 /* Assets.xcassets in Resources */ = {isa = PBXBuildFile; fileRef = A32ABCB42C924FFF00738F04 /* Assets.xcassets */; };
		A32ABCB82C924FFF00738F04 /* Base in Resources */ = {isa = PBXBuildFile; fileRef = A32ABCB72C924FFF00738F04 /* Base */; };
		A32ABCC32C924FFF00738F04 /* ProtocolOrientedUIKitTests.swift in Sources */ = {isa = PBXBuildFile; fileRef = A32ABCC22C924FFF00738F04 /* ProtocolOrientedUIKitTests.swift */; };
		A32ABCCD2C924FFF00738F04 /* ProtocolOrientedUIKitUITests.swift in Sources */ = {isa = PBXBuildFile; fileRef = A32ABCCC2C924FFF00738F04 /* ProtocolOrientedUIKitUITests.swift */; };
		A32ABCCF2C924FFF00738F04 /* ProtocolOrientedUIKitUITestsLaunchTests.swift in Sources */ = {isa = PBXBuildFile; fileRef = A32ABCCE2C924FFF00738F04 /* ProtocolOrientedUIKitUITestsLaunchTests.swift */; };
		A32ABCE02C9256F200738F04 /* User.swift in Sources */ = {isa = PBXBuildFile; fileRef = A32ABCDF2C9256F200738F04 /* User.swift */; };
		A32ABCE22C92579B00738F04 /* APIManager.swift in Sources */ = {isa = PBXBuildFile; fileRef = A32ABCE12C92579B00738F04 /* APIManager.swift */; };
		A32ABCE52C926DF100738F04 /* UserViewModel.swift in Sources */ = {isa = PBXBuildFile; fileRef = A32ABCE42C926DF100738F04 /* UserViewModel.swift */; };
		A32ABCE72C926E9800738F04 /* UserService.swift in Sources */ = {isa = PBXBuildFile; fileRef = A32ABCE62C926E9800738F04 /* UserService.swift */; };
/* End PBXBuildFile section */

/* Begin PBXContainerItemProxy section */
		A32ABCBF2C924FFF00738F04 /* PBXContainerItemProxy */ = {
			isa = PBXContainerItemProxy;
			containerPortal = A32ABCA02C924FFE00738F04 /* Project object */;
			proxyType = 1;
			remoteGlobalIDString = A32ABCA72C924FFE00738F04;
			remoteInfo = ProtocolOrientedUIKit;
		};
		A32ABCC92C924FFF00738F04 /* PBXContainerItemProxy */ = {
			isa = PBXContainerItemProxy;
			containerPortal = A32ABCA02C924FFE00738F04 /* Project object */;
			proxyType = 1;
			remoteGlobalIDString = A32ABCA72C924FFE00738F04;
			remoteInfo = ProtocolOrientedUIKit;
		};
/* End PBXContainerItemProxy section */

/* Begin PBXFileReference section */
		A32ABCA82C924FFE00738F04 /* ProtocolOrientedUIKit.app */ = {isa = PBXFileReference; explicitFileType = wrapper.application; includeInIndex = 0; path = ProtocolOrientedUIKit.app; sourceTree = BUILT_PRODUCTS_DIR; };
		A32ABCAB2C924FFE00738F04 /* AppDelegate.swift */ = {isa = PBXFileReference; lastKnownFileType = sourcecode.swift; path = AppDelegate.swift; sourceTree = "<group>"; };
		A32ABCAD2C924FFE00738F04 /* SceneDelegate.swift */ = {isa = PBXFileReference; lastKnownFileType = sourcecode.swift; path = SceneDelegate.swift; sourceTree = "<group>"; };
		A32ABCAF2C924FFE00738F04 /* UserViewController.swift */ = {isa = PBXFileReference; lastKnownFileType = sourcecode.swift; path = UserViewController.swift; sourceTree = "<group>"; };
		A32ABCB42C924FFF00738F04 /* Assets.xcassets */ = {isa = PBXFileReference; lastKnownFileType = folder.assetcatalog; path = Assets.xcassets; sourceTree = "<group>"; };
		A32ABCB72C924FFF00738F04 /* Base */ = {isa = PBXFileReference; lastKnownFileType = file.storyboard; name = Base; path = Base.lproj/LaunchScreen.storyboard; sourceTree = "<group>"; };
		A32ABCB92C924FFF00738F04 /* Info.plist */ = {isa = PBXFileReference; lastKnownFileType = text.plist.xml; path = Info.plist; sourceTree = "<group>"; };
		A32ABCBE2C924FFF00738F04 /* ProtocolOrientedUIKitTests.xctest */ = {isa = PBXFileReference; explicitFileType = wrapper.cfbundle; includeInIndex = 0; path = ProtocolOrientedUIKitTests.xctest; sourceTree = BUILT_PRODUCTS_DIR; };
		A32ABCC22C924FFF00738F04 /* ProtocolOrientedUIKitTests.swift */ = {isa = PBXFileReference; lastKnownFileType = sourcecode.swift; path = ProtocolOrientedUIKitTests.swift; sourceTree = "<group>"; };
		A32ABCC82C924FFF00738F04 /* ProtocolOrientedUIKitUITests.xctest */ = {isa = PBXFileReference; explicitFileType = wrapper.cfbundle; includeInIndex = 0; path = ProtocolOrientedUIKitUITests.xctest; sourceTree = BUILT_PRODUCTS_DIR; };
		A32ABCCC2C924FFF00738F04 /* ProtocolOrientedUIKitUITests.swift */ = {isa = PBXFileReference; lastKnownFileType = sourcecode.swift; path = ProtocolOrientedUIKitUITests.swift; sourceTree = "<group>"; };
		A32ABCCE2C924FFF00738F04 /* ProtocolOrientedUIKitUITestsLaunchTests.swift */ = {isa = PBXFileReference; lastKnownFileType = sourcecode.swift; path = ProtocolOrientedUIKitUITestsLaunchTests.swift; sourceTree = "<group>"; };
		A32ABCDF2C9256F200738F04 /* User.swift */ = {isa = PBXFileReference; lastKnownFileType = sourcecode.swift; path = User.swift; sourceTree = "<group>"; };
		A32ABCE12C92579B00738F04 /* APIManager.swift */ = {isa = PBXFileReference; lastKnownFileType = sourcecode.swift; path = APIManager.swift; sourceTree = "<group>"; };
		A32ABCE42C926DF100738F04 /* UserViewModel.swift */ = {isa = PBXFileReference; lastKnownFileType = sourcecode.swift; path = UserViewModel.swift; sourceTree = "<group>"; };
		A32ABCE62C926E9800738F04 /* UserService.swift */ = {isa = PBXFileReference; lastKnownFileType = sourcecode.swift; path = UserService.swift; sourceTree = "<group>"; };
/* End PBXFileReference section */

/* Begin PBXFrameworksBuildPhase section */
		A32ABCA52C924FFE00738F04 /* Frameworks */ = {
			isa = PBXFrameworksBuildPhase;
			buildActionMask = 2147483647;
			files = (
			);
			runOnlyForDeploymentPostprocessing = 0;
		};
		A32ABCBB2C924FFF00738F04 /* Frameworks */ = {
			isa = PBXFrameworksBuildPhase;
			buildActionMask = 2147483647;
			files = (
			);
			runOnlyForDeploymentPostprocessing = 0;
		};
		A32ABCC52C924FFF00738F04 /* Frameworks */ = {
			isa = PBXFrameworksBuildPhase;
			buildActionMask = 2147483647;
			files = (
			);
			runOnlyForDeploymentPostprocessing = 0;
		};
/* End PBXFrameworksBuildPhase section */

/* Begin PBXGroup section */
		A32ABC9F2C924FFE00738F04 = {
			isa = PBXGroup;
			children = (
				A32ABCAA2C924FFE00738F04 /* ProtocolOrientedUIKit */,
				A32ABCC12C924FFF00738F04 /* ProtocolOrientedUIKitTests */,
				A32ABCCB2C924FFF00738F04 /* ProtocolOrientedUIKitUITests */,
				A32ABCA92C924FFE00738F04 /* Products */,
			);
			sourceTree = "<group>";
		};
		A32ABCA92C924FFE00738F04 /* Products */ = {
			isa = PBXGroup;
			children = (
				A32ABCA82C924FFE00738F04 /* ProtocolOrientedUIKit.app */,
				A32ABCBE2C924FFF00738F04 /* ProtocolOrientedUIKitTests.xctest */,
				A32ABCC82C924FFF00738F04 /* ProtocolOrientedUIKitUITests.xctest */,
			);
			name = Products;
			sourceTree = "<group>";
		};
		A32ABCAA2C924FFE00738F04 /* ProtocolOrientedUIKit */ = {
			isa = PBXGroup;
			children = (
				A32ABCE32C926DDE00738F04 /* ViewModel */,
				A32ABCDE2C92569600738F04 /* Model */,
				A32ABCDD2C92568C00738F04 /* Service */,
				A32ABCDB2C92566500738F04 /* View */,
				A32ABCAB2C924FFE00738F04 /* AppDelegate.swift */,
				A32ABCAD2C924FFE00738F04 /* SceneDelegate.swift */,
				A32ABCB42C924FFF00738F04 /* Assets.xcassets */,
				A32ABCB62C924FFF00738F04 /* LaunchScreen.storyboard */,
				A32ABCB92C924FFF00738F04 /* Info.plist */,
			);
			path = ProtocolOrientedUIKit;
			sourceTree = "<group>";
		};
		A32ABCC12C924FFF00738F04 /* ProtocolOrientedUIKitTests */ = {
			isa = PBXGroup;
			children = (
				A32ABCC22C924FFF00738F04 /* ProtocolOrientedUIKitTests.swift */,
			);
			path = ProtocolOrientedUIKitTests;
			sourceTree = "<group>";
		};
		A32ABCCB2C924FFF00738F04 /* ProtocolOrientedUIKitUITests */ = {
			isa = PBXGroup;
			children = (
				A32ABCCC2C924FFF00738F04 /* ProtocolOrientedUIKitUITests.swift */,
				A32ABCCE2C924FFF00738F04 /* ProtocolOrientedUIKitUITestsLaunchTests.swift */,
			);
			path = ProtocolOrientedUIKitUITests;
			sourceTree = "<group>";
		};
		A32ABCDB2C92566500738F04 /* View */ = {
			isa = PBXGroup;
			children = (
				A32ABCAF2C924FFE00738F04 /* UserViewController.swift */,
			);
			path = View;
			sourceTree = "<group>";
		};
		A32ABCDD2C92568C00738F04 /* Service */ = {
			isa = PBXGroup;
			children = (
				A32ABCE12C92579B00738F04 /* APIManager.swift */,
				A32ABCE62C926E9800738F04 /* UserService.swift */,
			);
			path = Service;
			sourceTree = "<group>";
		};
		A32ABCDE2C92569600738F04 /* Model */ = {
			isa = PBXGroup;
			children = (
				A32ABCDF2C9256F200738F04 /* User.swift */,
			);
			path = Model;
			sourceTree = "<group>";
		};
		A32ABCE32C926DDE00738F04 /* ViewModel */ = {
			isa = PBXGroup;
			children = (
				A32ABCE42C926DF100738F04 /* UserViewModel.swift */,
			);
			path = ViewModel;
			sourceTree = "<group>";
		};
/* End PBXGroup section */

/* Begin PBXNativeTarget section */
		A32ABCA72C924FFE00738F04 /* ProtocolOrientedUIKit */ = {
			isa = PBXNativeTarget;
			buildConfigurationList = A32ABCD22C924FFF00738F04 /* Build configuration list for PBXNativeTarget "ProtocolOrientedUIKit" */;
			buildPhases = (
				A32ABCA42C924FFE00738F04 /* Sources */,
				A32ABCA52C924FFE00738F04 /* Frameworks */,
				A32ABCA62C924FFE00738F04 /* Resources */,
			);
			buildRules = (
			);
			dependencies = (
			);
			name = ProtocolOrientedUIKit;
			productName = ProtocolOrientedUIKit;
			productReference = A32ABCA82C924FFE00738F04 /* ProtocolOrientedUIKit.app */;
			productType = "com.apple.product-type.application";
		};
		A32ABCBD2C924FFF00738F04 /* ProtocolOrientedUIKitTests */ = {
			isa = PBXNativeTarget;
			buildConfigurationList = A32ABCD52C924FFF00738F04 /* Build configuration list for PBXNativeTarget "ProtocolOrientedUIKitTests" */;
			buildPhases = (
				A32ABCBA2C924FFF00738F04 /* Sources */,
				A32ABCBB2C924FFF00738F04 /* Frameworks */,
				A32ABCBC2C924FFF00738F04 /* Resources */,
			);
			buildRules = (
			);
			dependencies = (
				A32ABCC02C924FFF00738F04 /* PBXTargetDependency */,
			);
			name = ProtocolOrientedUIKitTests;
			productName = ProtocolOrientedUIKitTests;
			productReference = A32ABCBE2C924FFF00738F04 /* ProtocolOrientedUIKitTests.xctest */;
			productType = "com.apple.product-type.bundle.unit-test";
		};
		A32ABCC72C924FFF00738F04 /* ProtocolOrientedUIKitUITests */ = {
			isa = PBXNativeTarget;
			buildConfigurationList = A32ABCD82C924FFF00738F04 /* Build configuration list for PBXNativeTarget "ProtocolOrientedUIKitUITests" */;
			buildPhases = (
				A32ABCC42C924FFF00738F04 /* Sources */,
				A32ABCC52C924FFF00738F04 /* Frameworks */,
				A32ABCC62C924FFF00738F04 /* Resources */,
			);
			buildRules = (
			);
			dependencies = (
				A32ABCCA2C924FFF00738F04 /* PBXTargetDependency */,
			);
			name = ProtocolOrientedUIKitUITests;
			productName = ProtocolOrientedUIKitUITests;
			productReference = A32ABCC82C924FFF00738F04 /* ProtocolOrientedUIKitUITests.xctest */;
			productType = "com.apple.product-type.bundle.ui-testing";
		};
/* End PBXNativeTarget section */

/* Begin PBXProject section */
		A32ABCA02C924FFE00738F04 /* Project object */ = {
			isa = PBXProject;
			attributes = {
				BuildIndependentTargetsInParallel = 1;
				LastSwiftUpdateCheck = 1540;
				LastUpgradeCheck = 1540;
				TargetAttributes = {
					A32ABCA72C924FFE00738F04 = {
						CreatedOnToolsVersion = 15.4;
					};
					A32ABCBD2C924FFF00738F04 = {
						CreatedOnToolsVersion = 15.4;
						TestTargetID = A32ABCA72C924FFE00738F04;
					};
					A32ABCC72C924FFF00738F04 = {
						CreatedOnToolsVersion = 15.4;
						TestTargetID = A32ABCA72C924FFE00738F04;
					};
				};
			};
			buildConfigurationList = A32ABCA32C924FFE00738F04 /* Build configuration list for PBXProject "ProtocolOrientedUIKit" */;
			compatibilityVersion = "Xcode 14.0";
			developmentRegion = en;
			hasScannedForEncodings = 0;
			knownRegions = (
				en,
				Base,
			);
			mainGroup = A32ABC9F2C924FFE00738F04;
			productRefGroup = A32ABCA92C924FFE00738F04 /* Products */;
			projectDirPath = "";
			projectRoot = "";
			targets = (
				A32ABCA72C924FFE00738F04 /* ProtocolOrientedUIKit */,
				A32ABCBD2C924FFF00738F04 /* ProtocolOrientedUIKitTests */,
				A32ABCC72C924FFF00738F04 /* ProtocolOrientedUIKitUITests */,
			);
		};
/* End PBXProject section */

/* Begin PBXResourcesBuildPhase section */
		A32ABCA62C924FFE00738F04 /* Resources */ = {
			isa = PBXResourcesBuildPhase;
			buildActionMask = 2147483647;
			files = (
				A32ABCB52C924FFF00738F04 /* Assets.xcassets in Resources */,
				A32ABCB82C924FFF00738F04 /* Base in Resources */,
			);
			runOnlyForDeploymentPostprocessing = 0;
		};
		A32ABCBC2C924FFF00738F04 /* Resources */ = {
			isa = PBXResourcesBuildPhase;
			buildActionMask = 2147483647;
			files = (
			);
			runOnlyForDeploymentPostprocessing = 0;
		};
		A32ABCC62C924FFF00738F04 /* Resources */ = {
			isa = PBXResourcesBuildPhase;
			buildActionMask = 2147483647;
			files = (
			);
			runOnlyForDeploymentPostprocessing = 0;
		};
/* End PBXResourcesBuildPhase section */

/* Begin PBXSourcesBuildPhase section */
		A32ABCA42C924FFE00738F04 /* Sources */ = {
			isa = PBXSourcesBuildPhase;
			buildActionMask = 2147483647;
			files = (
				A32ABCE72C926E9800738F04 /* UserService.swift in Sources */,
				A32ABCE02C9256F200738F04 /* User.swift in Sources */,
				A32ABCE52C926DF100738F04 /* UserViewModel.swift in Sources */,
				A32ABCB02C924FFE00738F04 /* UserViewController.swift in Sources */,
				A32ABCE22C92579B00738F04 /* APIManager.swift in Sources */,
				A32ABCAC2C924FFE00738F04 /* AppDelegate.swift in Sources */,
				A32ABCAE2C924FFE00738F04 /* SceneDelegate.swift in Sources */,
			);
			runOnlyForDeploymentPostprocessing = 0;
		};
		A32ABCBA2C924FFF00738F04 /* Sources */ = {
			isa = PBXSourcesBuildPhase;
			buildActionMask = 2147483647;
			files = (
				A32ABCC32C924FFF00738F04 /* ProtocolOrientedUIKitTests.swift in Sources */,
			);
			runOnlyForDeploymentPostprocessing = 0;
		};
		A32ABCC42C924FFF00738F04 /* Sources */ = {
			isa = PBXSourcesBuildPhase;
			buildActionMask = 2147483647;
			files = (
				A32ABCCD2C924FFF00738F04 /* ProtocolOrientedUIKitUITests.swift in Sources */,
				A32ABCCF2C924FFF00738F04 /* ProtocolOrientedUIKitUITestsLaunchTests.swift in Sources */,
			);
			runOnlyForDeploymentPostprocessing = 0;
		};
/* End PBXSourcesBuildPhase section */

/* Begin PBXTargetDependency section */
		A32ABCC02C924FFF00738F04 /* PBXTargetDependency */ = {
			isa = PBXTargetDependency;
			target = A32ABCA72C924FFE00738F04 /* ProtocolOrientedUIKit */;
			targetProxy = A32ABCBF2C924FFF00738F04 /* PBXContainerItemProxy */;
		};
		A32ABCCA2C924FFF00738F04 /* PBXTargetDependency */ = {
			isa = PBXTargetDependency;
			target = A32ABCA72C924FFE00738F04 /* ProtocolOrientedUIKit */;
			targetProxy = A32ABCC92C924FFF00738F04 /* PBXContainerItemProxy */;
		};
/* End PBXTargetDependency section */

/* Begin PBXVariantGroup section */
		A32ABCB62C924FFF00738F04 /* LaunchScreen.storyboard */ = {
			isa = PBXVariantGroup;
			children = (
				A32ABCB72C924FFF00738F04 /* Base */,
			);
			name = LaunchScreen.storyboard;
			sourceTree = "<group>";
		};
/* End PBXVariantGroup section */

/* Begin XCBuildConfiguration section */
		A32ABCD02C924FFF00738F04 /* Debug */ = {
			isa = XCBuildConfiguration;
			buildSettings = {
				ALWAYS_SEARCH_USER_PATHS = NO;
				ASSETCATALOG_COMPILER_GENERATE_SWIFT_ASSET_SYMBOL_EXTENSIONS = YES;
				CLANG_ANALYZER_NONNULL = YES;
				CLANG_ANALYZER_NUMBER_OBJECT_CONVERSION = YES_AGGRESSIVE;
				CLANG_CXX_LANGUAGE_STANDARD = "gnu++20";
				CLANG_ENABLE_MODULES = YES;
				CLANG_ENABLE_OBJC_ARC = YES;
				CLANG_ENABLE_OBJC_WEAK = YES;
				CLANG_WARN_BLOCK_CAPTURE_AUTORELEASING = YES;
				CLANG_WARN_BOOL_CONVERSION = YES;
				CLANG_WARN_COMMA = YES;
				CLANG_WARN_CONSTANT_CONVERSION = YES;
				CLANG_WARN_DEPRECATED_OBJC_IMPLEMENTATIONS = YES;
				CLANG_WARN_DIRECT_OBJC_ISA_USAGE = YES_ERROR;
				CLANG_WARN_DOCUMENTATION_COMMENTS = YES;
				CLANG_WARN_EMPTY_BODY = YES;
				CLANG_WARN_ENUM_CONVERSION = YES;
				CLANG_WARN_INFINITE_RECURSION = YES;
				CLANG_WARN_INT_CONVERSION = YES;
				CLANG_WARN_NON_LITERAL_NULL_CONVERSION = YES;
				CLANG_WARN_OBJC_IMPLICIT_RETAIN_SELF = YES;
				CLANG_WARN_OBJC_LITERAL_CONVERSION = YES;
				CLANG_WARN_OBJC_ROOT_CLASS = YES_ERROR;
				CLANG_WARN_QUOTED_INCLUDE_IN_FRAMEWORK_HEADER = YES;
				CLANG_WARN_RANGE_LOOP_ANALYSIS = YES;
				CLANG_WARN_STRICT_PROTOTYPES = YES;
				CLANG_WARN_SUSPICIOUS_MOVE = YES;
				CLANG_WARN_UNGUARDED_AVAILABILITY = YES_AGGRESSIVE;
				CLANG_WARN_UNREACHABLE_CODE = YES;
				CLANG_WARN__DUPLICATE_METHOD_MATCH = YES;
				COPY_PHASE_STRIP = NO;
				DEBUG_INFORMATION_FORMAT = dwarf;
				ENABLE_STRICT_OBJC_MSGSEND = YES;
				ENABLE_TESTABILITY = YES;
				ENABLE_USER_SCRIPT_SANDBOXING = YES;
				GCC_C_LANGUAGE_STANDARD = gnu17;
				GCC_DYNAMIC_NO_PIC = NO;
				GCC_NO_COMMON_BLOCKS = YES;
				GCC_OPTIMIZATION_LEVEL = 0;
				GCC_PREPROCESSOR_DEFINITIONS = (
					"DEBUG=1",
					"$(inherited)",
				);
				GCC_WARN_64_TO_32_BIT_CONVERSION = YES;
				GCC_WARN_ABOUT_RETURN_TYPE = YES_ERROR;
				GCC_WARN_UNDECLARED_SELECTOR = YES;
				GCC_WARN_UNINITIALIZED_AUTOS = YES_AGGRESSIVE;
				GCC_WARN_UNUSED_FUNCTION = YES;
				GCC_WARN_UNUSED_VARIABLE = YES;
				IPHONEOS_DEPLOYMENT_TARGET = 17.5;
				LOCALIZATION_PREFERS_STRING_CATALOGS = YES;
				MTL_ENABLE_DEBUG_INFO = INCLUDE_SOURCE;
				MTL_FAST_MATH = YES;
				ONLY_ACTIVE_ARCH = YES;
				SDKROOT = iphoneos;
				SWIFT_ACTIVE_COMPILATION_CONDITIONS = "DEBUG $(inherited)";
				SWIFT_OPTIMIZATION_LEVEL = "-Onone";
			};
			name = Debug;
		};
		A32ABCD12C924FFF00738F04 /* Release */ = {
			isa = XCBuildConfiguration;
			buildSettings = {
				ALWAYS_SEARCH_USER_PATHS = NO;
				ASSETCATALOG_COMPILER_GENERATE_SWIFT_ASSET_SYMBOL_EXTENSIONS = YES;
				CLANG_ANALYZER_NONNULL = YES;
				CLANG_ANALYZER_NUMBER_OBJECT_CONVERSION = YES_AGGRESSIVE;
				CLANG_CXX_LANGUAGE_STANDARD = "gnu++20";
				CLANG_ENABLE_MODULES = YES;
				CLANG_ENABLE_OBJC_ARC = YES;
				CLANG_ENABLE_OBJC_WEAK = YES;
				CLANG_WARN_BLOCK_CAPTURE_AUTORELEASING = YES;
				CLANG_WARN_BOOL_CONVERSION = YES;
				CLANG_WARN_COMMA = YES;
				CLANG_WARN_CONSTANT_CONVERSION = YES;
				CLANG_WARN_DEPRECATED_OBJC_IMPLEMENTATIONS = YES;
				CLANG_WARN_DIRECT_OBJC_ISA_USAGE = YES_ERROR;
				CLANG_WARN_DOCUMENTATION_COMMENTS = YES;
				CLANG_WARN_EMPTY_BODY = YES;
				CLANG_WARN_ENUM_CONVERSION = YES;
				CLANG_WARN_INFINITE_RECURSION = YES;
				CLANG_WARN_INT_CONVERSION = YES;
				CLANG_WARN_NON_LITERAL_NULL_CONVERSION = YES;
				CLANG_WARN_OBJC_IMPLICIT_RETAIN_SELF = YES;
				CLANG_WARN_OBJC_LITERAL_CONVERSION = YES;
				CLANG_WARN_OBJC_ROOT_CLASS = YES_ERROR;
				CLANG_WARN_QUOTED_INCLUDE_IN_FRAMEWORK_HEADER = YES;
				CLANG_WARN_RANGE_LOOP_ANALYSIS = YES;
				CLANG_WARN_STRICT_PROTOTYPES = YES;
				CLANG_WARN_SUSPICIOUS_MOVE = YES;
				CLANG_WARN_UNGUARDED_AVAILABILITY = YES_AGGRESSIVE;
				CLANG_WARN_UNREACHABLE_CODE = YES;
				CLANG_WARN__DUPLICATE_METHOD_MATCH = YES;
				COPY_PHASE_STRIP = NO;
				DEBUG_INFORMATION_FORMAT = "dwarf-with-dsym";
				ENABLE_NS_ASSERTIONS = NO;
				ENABLE_STRICT_OBJC_MSGSEND = YES;
				ENABLE_USER_SCRIPT_SANDBOXING = YES;
				GCC_C_LANGUAGE_STANDARD = gnu17;
				GCC_NO_COMMON_BLOCKS = YES;
				GCC_WARN_64_TO_32_BIT_CONVERSION = YES;
				GCC_WARN_ABOUT_RETURN_TYPE = YES_ERROR;
				GCC_WARN_UNDECLARED_SELECTOR = YES;
				GCC_WARN_UNINITIALIZED_AUTOS = YES_AGGRESSIVE;
				GCC_WARN_UNUSED_FUNCTION = YES;
				GCC_WARN_UNUSED_VARIABLE = YES;
				IPHONEOS_DEPLOYMENT_TARGET = 17.5;
				LOCALIZATION_PREFERS_STRING_CATALOGS = YES;
				MTL_ENABLE_DEBUG_INFO = NO;
				MTL_FAST_MATH = YES;
				SDKROOT = iphoneos;
				SWIFT_COMPILATION_MODE = wholemodule;
				VALIDATE_PRODUCT = YES;
			};
			name = Release;
		};
		A32ABCD32C924FFF00738F04 /* Debug */ = {
			isa = XCBuildConfiguration;
			buildSettings = {
				ASSETCATALOG_COMPILER_APPICON_NAME = AppIcon;
				ASSETCATALOG_COMPILER_GLOBAL_ACCENT_COLOR_NAME = AccentColor;
				CODE_SIGN_STYLE = Automatic;
				CURRENT_PROJECT_VERSION = 1;
				DEVELOPMENT_TEAM = 699GP28SCL;
				GENERATE_INFOPLIST_FILE = YES;
				INFOPLIST_FILE = ProtocolOrientedUIKit/Info.plist;
				INFOPLIST_KEY_UIApplicationSupportsIndirectInputEvents = YES;
				INFOPLIST_KEY_UILaunchStoryboardName = LaunchScreen;
				INFOPLIST_KEY_UISupportedInterfaceOrientations_iPad = "UIInterfaceOrientationPortrait UIInterfaceOrientationPortraitUpsideDown UIInterfaceOrientationLandscapeLeft UIInterfaceOrientationLandscapeRight";
				INFOPLIST_KEY_UISupportedInterfaceOrientations_iPhone = "UIInterfaceOrientationPortrait UIInterfaceOrientationLandscapeLeft UIInterfaceOrientationLandscapeRight";
				LD_RUNPATH_SEARCH_PATHS = (
					"$(inherited)",
					"@executable_path/Frameworks",
				);
				MARKETING_VERSION = 1.0;
				PRODUCT_BUNDLE_IDENTIFIER = com.marksantoro.ProtocolOrientedUIKit;
				PRODUCT_NAME = "$(TARGET_NAME)";
				SWIFT_EMIT_LOC_STRINGS = YES;
				SWIFT_VERSION = 5.0;
				TARGETED_DEVICE_FAMILY = "1,2";
			};
			name = Debug;
		};
		A32ABCD42C924FFF00738F04 /* Release */ = {
			isa = XCBuildConfiguration;
			buildSettings = {
				ASSETCATALOG_COMPILER_APPICON_NAME = AppIcon;
				ASSETCATALOG_COMPILER_GLOBAL_ACCENT_COLOR_NAME = AccentColor;
				CODE_SIGN_STYLE = Automatic;
				CURRENT_PROJECT_VERSION = 1;
				DEVELOPMENT_TEAM = 699GP28SCL;
				GENERATE_INFOPLIST_FILE = YES;
				INFOPLIST_FILE = ProtocolOrientedUIKit/Info.plist;
				INFOPLIST_KEY_UIApplicationSupportsIndirectInputEvents = YES;
				INFOPLIST_KEY_UILaunchStoryboardName = LaunchScreen;
				INFOPLIST_KEY_UISupportedInterfaceOrientations_iPad = "UIInterfaceOrientationPortrait UIInterfaceOrientationPortraitUpsideDown UIInterfaceOrientationLandscapeLeft UIInterfaceOrientationLandscapeRight";
				INFOPLIST_KEY_UISupportedInterfaceOrientations_iPhone = "UIInterfaceOrientationPortrait UIInterfaceOrientationLandscapeLeft UIInterfaceOrientationLandscapeRight";
				LD_RUNPATH_SEARCH_PATHS = (
					"$(inherited)",
					"@executable_path/Frameworks",
				);
				MARKETING_VERSION = 1.0;
				PRODUCT_BUNDLE_IDENTIFIER = com.marksantoro.ProtocolOrientedUIKit;
				PRODUCT_NAME = "$(TARGET_NAME)";
				SWIFT_EMIT_LOC_STRINGS = YES;
				SWIFT_VERSION = 5.0;
				TARGETED_DEVICE_FAMILY = "1,2";
			};
			name = Release;
		};
		A32ABCD62C924FFF00738F04 /* Debug */ = {
			isa = XCBuildConfiguration;
			buildSettings = {
				ALWAYS_EMBED_SWIFT_STANDARD_LIBRARIES = YES;
				BUNDLE_LOADER = "$(TEST_HOST)";
				CODE_SIGN_STYLE = Automatic;
				CURRENT_PROJECT_VERSION = 1;
				DEVELOPMENT_TEAM = 699GP28SCL;
				GENERATE_INFOPLIST_FILE = YES;
				IPHONEOS_DEPLOYMENT_TARGET = 17.5;
				MARKETING_VERSION = 1.0;
				PRODUCT_BUNDLE_IDENTIFIER = com.marksantoro.ProtocolOrientedUIKitTests;
				PRODUCT_NAME = "$(TARGET_NAME)";
				SWIFT_EMIT_LOC_STRINGS = NO;
				SWIFT_VERSION = 5.0;
				TARGETED_DEVICE_FAMILY = "1,2";
				TEST_HOST = "$(BUILT_PRODUCTS_DIR)/ProtocolOrientedUIKit.app/$(BUNDLE_EXECUTABLE_FOLDER_PATH)/ProtocolOrientedUIKit";
			};
			name = Debug;
		};
		A32ABCD72C924FFF00738F04 /* Release */ = {
			isa = XCBuildConfiguration;
			buildSettings = {
				ALWAYS_EMBED_SWIFT_STANDARD_LIBRARIES = YES;
				BUNDLE_LOADER = "$(TEST_HOST)";
				CODE_SIGN_STYLE = Automatic;
				CURRENT_PROJECT_VERSION = 1;
				DEVELOPMENT_TEAM = 699GP28SCL;
				GENERATE_INFOPLIST_FILE = YES;
				IPHONEOS_DEPLOYMENT_TARGET = 17.5;
				MARKETING_VERSION = 1.0;
				PRODUCT_BUNDLE_IDENTIFIER = com.marksantoro.ProtocolOrientedUIKitTests;
				PRODUCT_NAME = "$(TARGET_NAME)";
				SWIFT_EMIT_LOC_STRINGS = NO;
				SWIFT_VERSION = 5.0;
				TARGETED_DEVICE_FAMILY = "1,2";
				TEST_HOST = "$(BUILT_PRODUCTS_DIR)/ProtocolOrientedUIKit.app/$(BUNDLE_EXECUTABLE_FOLDER_PATH)/ProtocolOrientedUIKit";
			};
			name = Release;
		};
		A32ABCD92C924FFF00738F04 /* Debug */ = {
			isa = XCBuildConfiguration;
			buildSettings = {
				ALWAYS_EMBED_SWIFT_STANDARD_LIBRARIES = YES;
				CODE_SIGN_STYLE = Automatic;
				CURRENT_PROJECT_VERSION = 1;
				DEVELOPMENT_TEAM = 699GP28SCL;
				GENERATE_INFOPLIST_FILE = YES;
				MARKETING_VERSION = 1.0;
				PRODUCT_BUNDLE_IDENTIFIER = com.marksantoro.ProtocolOrientedUIKitUITests;
				PRODUCT_NAME = "$(TARGET_NAME)";
				SWIFT_EMIT_LOC_STRINGS = NO;
				SWIFT_VERSION = 5.0;
				TARGETED_DEVICE_FAMILY = "1,2";
				TEST_TARGET_NAME = ProtocolOrientedUIKit;
			};
			name = Debug;
		};
		A32ABCDA2C924FFF00738F04 /* Release */ = {
			isa = XCBuildConfiguration;
			buildSettings = {
				ALWAYS_EMBED_SWIFT_STANDARD_LIBRARIES = YES;
				CODE_SIGN_STYLE = Automatic;
				CURRENT_PROJECT_VERSION = 1;
				DEVELOPMENT_TEAM = 699GP28SCL;
				GENERATE_INFOPLIST_FILE = YES;
				MARKETING_VERSION = 1.0;
				PRODUCT_BUNDLE_IDENTIFIER = com.marksantoro.ProtocolOrientedUIKitUITests;
				PRODUCT_NAME = "$(TARGET_NAME)";
				SWIFT_EMIT_LOC_STRINGS = NO;
				SWIFT_VERSION = 5.0;
				TARGETED_DEVICE_FAMILY = "1,2";
				TEST_TARGET_NAME = ProtocolOrientedUIKit;
			};
			name = Release;
		};
/* End XCBuildConfiguration section */

/* Begin XCConfigurationList section */
		A32ABCA32C924FFE00738F04 /* Build configuration list for PBXProject "ProtocolOrientedUIKit" */ = {
			isa = XCConfigurationList;
			buildConfigurations = (
				A32ABCD02C924FFF00738F04 /* Debug */,
				A32ABCD12C924FFF00738F04 /* Release */,
			);
			defaultConfigurationIsVisible = 0;
			defaultConfigurationName = Release;
		};
		A32ABCD22C924FFF00738F04 /* Build configuration list for PBXNativeTarget "ProtocolOrientedUIKit" */ = {
			isa = XCConfigurationList;
			buildConfigurations = (
				A32ABCD32C924FFF00738F04 /* Debug */,
				A32ABCD42C924FFF00738F04 /* Release */,
			);
			defaultConfigurationIsVisible = 0;
			defaultConfigurationName = Release;
		};
		A32ABCD52C924FFF00738F04 /* Build configuration list for PBXNativeTarget "ProtocolOrientedUIKitTests" */ = {
			isa = XCConfigurationList;
			buildConfigurations = (
				A32ABCD62C924FFF00738F04 /* Debug */,
				A32ABCD72C924FFF00738F04 /* Release */,
			);
			defaultConfigurationIsVisible = 0;
			defaultConfigurationName = Release;
		};
		A32ABCD82C924FFF00738F04 /* Build configuration list for PBXNativeTarget "ProtocolOrientedUIKitUITests" */ = {
			isa = XCConfigurationList;
			buildConfigurations = (
				A32ABCD92C924FFF00738F04 /* Debug */,
				A32ABCDA2C924FFF00738F04 /* Release */,
			);
			defaultConfigurationIsVisible = 0;
			defaultConfigurationName = Release;
		};
/* End XCConfigurationList section */
	};
	rootObject = A32ABCA02C924FFE00738F04 /* Project object */;
}
